
Microsoft Visual Studio Solution File, Format Version 12.00
# Visual Studio Version 16
VisualStudioVersion = 16.0.30907.101
MinimumVisualStudioVersion = 10.0.40219.1
Project("{FAE04EC0-301F-11D3-BF4B-00C04F79EFBC}") = "gRPCExampleService", "gRPCExampleService\gRPCExampleService.csproj", "{53374733-990A-4216-B3A6-3C1ED9771DD7}"
EndProject
Project("{FAE04EC0-301F-11D3-BF4B-00C04F79EFBC}") = "GrpcExampleClient", "GrpcExampleClient\GrpcExampleClient.csproj", "{BD796AC6-B341-4892-84B4-0B30C4DA55E8}"
EndProject
Global
	GlobalSection(SolutionConfigurationPlatforms) = preSolution
		Debug|Any CPU = Debug|Any CPU
		Release|Any CPU = Release|Any CPU
	EndGlobalSection
	GlobalSection(ProjectConfigurationPlatforms) = postSolution
		{53374733-990A-4216-B3A6-3C1ED9771DD7}.Debug|Any CPU.ActiveCfg = Debug|Any CPU
		{53374733-990A-4216-B3A6-3C1ED9771DD7}.Debug|Any CPU.Build.0 = Debug|Any CPU
		{53374733-990A-4216-B3A6-3C1ED9771DD7}.Release|Any CPU.ActiveCfg = Release|Any CPU
		{53374733-990A-4216-B3A6-3C1ED9771DD7}.Release|Any CPU.Build.0 = Release|Any CPU
		{BD796AC6-B341-4892-84B4-0B30C4DA55E8}.Debug|Any CPU.ActiveCfg = Debug|Any CPU
		{BD796AC6-B341-4892-84B4-0B30C4DA55E8}.Debug|Any CPU.Build.0 = Debug|Any CPU
		{BD796AC6-B341-4892-84B4-0B30C4DA55E8}.Release|Any CPU.ActiveCfg = Release|Any CPU
		{BD796AC6-B341-4892-84B4-0B30C4DA55E8}.Release|Any CPU.Build.0 = Release|Any CPU
	EndGlobalSection
	GlobalSection(SolutionProperties) = preSolution
		HideSolutionNode = FALSE
	EndGlobalSection
	GlobalSection(ExtensibilityGlobals) = postSolution
		SolutionGuid = {EEF520C2-B7C9-4DFF-81CB-2431548B55CF}
	EndGlobalSection
EndGlobal
